
Microsoft Visual Studio Solution File, Format Version 12.00
# Visual Studio Version 17
VisualStudioVersion = 17.9.34728.123
MinimumVisualStudioVersion = 10.0.40219.1
Project("{FAE04EC0-301F-11D3-BF4B-00C04F79EFBC}") = "ProyectoAPI", "ProyectoAPI.csproj", "{D59E5D68-A8BE-4550-8703-2AB2775BE1C8}"
EndProject
Global
	GlobalSection(SolutionConfigurationPlatforms) = preSolution
		Debug|Any CPU = Debug|Any CPU
		Release|Any CPU = Release|Any CPU
	EndGlobalSection
	GlobalSection(ProjectConfigurationPlatforms) = postSolution
		{D59E5D68-A8BE-4550-8703-2AB2775BE1C8}.Debug|Any CPU.ActiveCfg = Debug|Any CPU
		{D59E5D68-A8BE-4550-8703-2AB2775BE1C8}.Debug|Any CPU.Build.0 = Debug|Any CPU
		{D59E5D68-A8BE-4550-8703-2AB2775BE1C8}.Release|Any CPU.ActiveCfg = Release|Any CPU
		{D59E5D68-A8BE-4550-8703-2AB2775BE1C8}.Release|Any CPU.Build.0 = Release|Any CPU
	EndGlobalSection
	GlobalSection(SolutionProperties) = preSolution
		HideSolutionNode = FALSE
	EndGlobalSection
	GlobalSection(ExtensibilityGlobals) = postSolution
		SolutionGuid = {48C50D65-6407-4A7E-96C6-8A1E6D3C567E}
	EndGlobalSection
EndGlobal
